
Microsoft Visual Studio Solution File, Format Version 12.00
# Visual Studio 15
VisualStudioVersion = 15.0.28010.2036
MinimumVisualStudioVersion = 10.0.40219.1
Project("{9A19103F-16F7-4668-BE54-9A1E7A4F7556}") = "ELIZA.NET", "ELIZA.NET\ELIZA.NET.csproj", "{4DD835F7-CCF5-491C-9356-C8B7CE35DA08}"
EndProject
Project("{9A19103F-16F7-4668-BE54-9A1E7A4F7556}") = "ELIZA", "ExampleApp\ELIZA\ELIZA.csproj", "{1221A7CE-17CC-4CEF-AD38-38909C7A26C8}"
EndProject
Project("{FAE04EC0-301F-11D3-BF4B-00C04F79EFBC}") = "RunTests", "RunTests\RunTests.csproj", "{C03AF8BD-F5D4-401D-A9C8-E603A53F3890}"
EndProject
Global
	GlobalSection(SolutionConfigurationPlatforms) = preSolution
		Debug|Any CPU = Debug|Any CPU
		Release|Any CPU = Release|Any CPU
	EndGlobalSection
	GlobalSection(ProjectConfigurationPlatforms) = postSolution
		{4DD835F7-CCF5-491C-9356-C8B7CE35DA08}.Debug|Any CPU.ActiveCfg = Debug|Any CPU
		{4DD835F7-CCF5-491C-9356-C8B7CE35DA08}.Debug|Any CPU.Build.0 = Debug|Any CPU
		{4DD835F7-CCF5-491C-9356-C8B7CE35DA08}.Release|Any CPU.ActiveCfg = Release|Any CPU
		{4DD835F7-CCF5-491C-9356-C8B7CE35DA08}.Release|Any CPU.Build.0 = Release|Any CPU
		{1221A7CE-17CC-4CEF-AD38-38909C7A26C8}.Debug|Any CPU.ActiveCfg = Debug|Any CPU
		{1221A7CE-17CC-4CEF-AD38-38909C7A26C8}.Debug|Any CPU.Build.0 = Debug|Any CPU
		{1221A7CE-17CC-4CEF-AD38-38909C7A26C8}.Release|Any CPU.ActiveCfg = Release|Any CPU
		{1221A7CE-17CC-4CEF-AD38-38909C7A26C8}.Release|Any CPU.Build.0 = Release|Any CPU
		{C03AF8BD-F5D4-401D-A9C8-E603A53F3890}.Debug|Any CPU.ActiveCfg = Debug|Any CPU
		{C03AF8BD-F5D4-401D-A9C8-E603A53F3890}.Debug|Any CPU.Build.0 = Debug|Any CPU
		{C03AF8BD-F5D4-401D-A9C8-E603A53F3890}.Release|Any CPU.ActiveCfg = Release|Any CPU
		{C03AF8BD-F5D4-401D-A9C8-E603A53F3890}.Release|Any CPU.Build.0 = Release|Any CPU
	EndGlobalSection
	GlobalSection(SolutionProperties) = preSolution
		HideSolutionNode = FALSE
	EndGlobalSection
	GlobalSection(ExtensibilityGlobals) = postSolution
		SolutionGuid = {7915D601-7B08-4EE8-92BA-FCC730790690}
	EndGlobalSection
EndGlobal
